// !$*UTF8*$!
{
	archiveVersion = 1;
	classes = {
	};
	objectVersion = 50;
	objects = {

/* Begin PBXBuildFile section */
		ECFE32D4251CF3250092C89C /* AppDelegate.swift in Sources */ = {isa = PBXBuildFile; fileRef = ECFE32D3251CF3250092C89C /* AppDelegate.swift */; };
		ECFE32D6251CF3250092C89C /* SceneDelegate.swift in Sources */ = {isa = PBXBuildFile; fileRef = ECFE32D5251CF3250092C89C /* SceneDelegate.swift */; };
		ECFE32D8251CF3250092C89C /* ViewController.swift in Sources */ = {isa = PBXBuildFile; fileRef = ECFE32D7251CF3250092C89C /* ViewController.swift */; };
		ECFE32DB251CF3250092C89C /* Main.storyboard in Resources */ = {isa = PBXBuildFile; fileRef = ECFE32D9251CF3250092C89C /* Main.storyboard */; };
		ECFE32DD251CF3280092C89C /* Assets.xcassets in Resources */ = {isa = PBXBuildFile; fileRef = ECFE32DC251CF3280092C89C /* Assets.xcassets */; };
		ECFE32E0251CF3280092C89C /* LaunchScreen.storyboard in Resources */ = {isa = PBXBuildFile; fileRef = ECFE32DE251CF3280092C89C /* LaunchScreen.storyboard */; };
		ECFE32EB251CF3290092C89C /* Lab4Tests.swift in Sources */ = {isa = PBXBuildFile; fileRef = ECFE32EA251CF3290092C89C /* Lab4Tests.swift */; };
		ECFE32F6251CF3290092C89C /* Lab4UITests.swift in Sources */ = {isa = PBXBuildFile; fileRef = ECFE32F5251CF3290092C89C /* Lab4UITests.swift */; };
/* End PBXBuildFile section */

/* Begin PBXContainerItemProxy section */
		ECFE32E7251CF3290092C89C /* PBXContainerItemProxy */ = {
			isa = PBXContainerItemProxy;
			containerPortal = ECFE32C8251CF3250092C89C /* Project object */;
			proxyType = 1;
			remoteGlobalIDString = ECFE32CF251CF3250092C89C;
			remoteInfo = Lab4;
		};
		ECFE32F2251CF3290092C89C /* PBXContainerItemProxy */ = {
			isa = PBXContainerItemProxy;
			containerPortal = ECFE32C8251CF3250092C89C /* Project object */;
			proxyType = 1;
			remoteGlobalIDString = ECFE32CF251CF3250092C89C;
			remoteInfo = Lab4;
		};
/* End PBXContainerItemProxy section */

/* Begin PBXFileReference section */
		ECFE32D0251CF3250092C89C /* Lab4.app */ = {isa = PBXFileReference; explicitFileType = wrapper.application; includeInIndex = 0; path = Lab4.app; sourceTree = BUILT_PRODUCTS_DIR; };
		ECFE32D3251CF3250092C89C /* AppDelegate.swift */ = {isa = PBXFileReference; lastKnownFileType = sourcecode.swift; path = AppDelegate.swift; sourceTree = "<group>"; };
		ECFE32D5251CF3250092C89C /* SceneDelegate.swift */ = {isa = PBXFileReference; lastKnownFileType = sourcecode.swift; path = SceneDelegate.swift; sourceTree = "<group>"; };
		ECFE32D7251CF3250092C89C /* ViewController.swift */ = {isa = PBXFileReference; lastKnownFileType = sourcecode.swift; path = ViewController.swift; sourceTree = "<group>"; };
		ECFE32DA251CF3250092C89C /* Base */ = {isa = PBXFileReference; lastKnownFileType = file.storyboard; name = Base; path = Base.lproj/Main.storyboard; sourceTree = "<group>"; };
		ECFE32DC251CF3280092C89C /* Assets.xcassets */ = {isa = PBXFileReference; lastKnownFileType = folder.assetcatalog; path = Assets.xcassets; sourceTree = "<group>"; };
		ECFE32DF251CF3280092C89C /* Base */ = {isa = PBXFileReference; lastKnownFileType = file.storyboard; name = Base; path = Base.lproj/LaunchScreen.storyboard; sourceTree = "<group>"; };
		ECFE32E1251CF3280092C89C /* Info.plist */ = {isa = PBXFileReference; lastKnownFileType = text.plist.xml; path = Info.plist; sourceTree = "<group>"; };
		ECFE32E6251CF3290092C89C /* Lab4Tests.xctest */ = {isa = PBXFileReference; explicitFileType = wrapper.cfbundle; includeInIndex = 0; path = Lab4Tests.xctest; sourceTree = BUILT_PRODUCTS_DIR; };
		ECFE32EA251CF3290092C89C /* Lab4Tests.swift */ = {isa = PBXFileReference; lastKnownFileType = sourcecode.swift; path = Lab4Tests.swift; sourceTree = "<group>"; };
		ECFE32EC251CF3290092C89C /* Info.plist */ = {isa = PBXFileReference; lastKnownFileType = text.plist.xml; path = Info.plist; sourceTree = "<group>"; };
		ECFE32F1251CF3290092C89C /* Lab4UITests.xctest */ = {isa = PBXFileReference; explicitFileType = wrapper.cfbundle; includeInIndex = 0; path = Lab4UITests.xctest; sourceTree = BUILT_PRODUCTS_DIR; };
		ECFE32F5251CF3290092C89C /* Lab4UITests.swift */ = {isa = PBXFileReference; lastKnownFileType = sourcecode.swift; path = Lab4UITests.swift; sourceTree = "<group>"; };
		ECFE32F7251CF3290092C89C /* Info.plist */ = {isa = PBXFileReference; lastKnownFileType = text.plist.xml; path = Info.plist; sourceTree = "<group>"; };
/* End PBXFileReference section */

/* Begin PBXFrameworksBuildPhase section */
		ECFE32CD251CF3250092C89C /* Frameworks */ = {
			isa = PBXFrameworksBuildPhase;
			buildActionMask = 2147483647;
			files = (
			);
			runOnlyForDeploymentPostprocessing = 0;
		};
		ECFE32E3251CF3290092C89C /* Frameworks */ = {
			isa = PBXFrameworksBuildPhase;
			buildActionMask = 2147483647;
			files = (
			);
			runOnlyForDeploymentPostprocessing = 0;
		};
		ECFE32EE251CF3290092C89C /* Frameworks */ = {
			isa = PBXFrameworksBuildPhase;
			buildActionMask = 2147483647;
			files = (
			);
			runOnlyForDeploymentPostprocessing = 0;
		};
/* End PBXFrameworksBuildPhase section */

/* Begin PBXGroup section */
		ECFE32C7251CF3250092C89C = {
			isa = PBXGroup;
			children = (
				ECFE32D2251CF3250092C89C /* Lab4 */,
				ECFE32E9251CF3290092C89C /* Lab4Tests */,
				ECFE32F4251CF3290092C89C /* Lab4UITests */,
				ECFE32D1251CF3250092C89C /* Products */,
			);
			sourceTree = "<group>";
		};
		ECFE32D1251CF3250092C89C /* Products */ = {
			isa = PBXGroup;
			children = (
				ECFE32D0251CF3250092C89C /* Lab4.app */,
				ECFE32E6251CF3290092C89C /* Lab4Tests.xctest */,
				ECFE32F1251CF3290092C89C /* Lab4UITests.xctest */,
			);
			name = Products;
			sourceTree = "<group>";
		};
		ECFE32D2251CF3250092C89C /* Lab4 */ = {
			isa = PBXGroup;
			children = (
				ECFE32D3251CF3250092C89C /* AppDelegate.swift */,
				ECFE32D5251CF3250092C89C /* SceneDelegate.swift */,
				ECFE32D7251CF3250092C89C /* ViewController.swift */,
				ECFE32D9251CF3250092C89C /* Main.storyboard */,
				ECFE32DC251CF3280092C89C /* Assets.xcassets */,
				ECFE32DE251CF3280092C89C /* LaunchScreen.storyboard */,
				ECFE32E1251CF3280092C89C /* Info.plist */,
			);
			path = Lab4;
			sourceTree = "<group>";
		};
		ECFE32E9251CF3290092C89C /* Lab4Tests */ = {
			isa = PBXGroup;
			children = (
				ECFE32EA251CF3290092C89C /* Lab4Tests.swift */,
				ECFE32EC251CF3290092C89C /* Info.plist */,
			);
			path = Lab4Tests;
			sourceTree = "<group>";
		};
		ECFE32F4251CF3290092C89C /* Lab4UITests */ = {
			isa = PBXGroup;
			children = (
				ECFE32F5251CF3290092C89C /* Lab4UITests.swift */,
				ECFE32F7251CF3290092C89C /* Info.plist */,
			);
			path = Lab4UITests;
			sourceTree = "<group>";
		};
/* End PBXGroup section */

/* Begin PBXNativeTarget section */
		ECFE32CF251CF3250092C89C /* Lab4 */ = {
			isa = PBXNativeTarget;
			buildConfigurationList = ECFE32FA251CF3290092C89C /* Build configuration list for PBXNativeTarget "Lab4" */;
			buildPhases = (
				ECFE32CC251CF3250092C89C /* Sources */,
				ECFE32CD251CF3250092C89C /* Frameworks */,
				ECFE32CE251CF3250092C89C /* Resources */,
			);
			buildRules = (
			);
			dependencies = (
			);
			name = Lab4;
			productName = Lab4;
			productReference = ECFE32D0251CF3250092C89C /* Lab4.app */;
			productType = "com.apple.product-type.application";
		};
		ECFE32E5251CF3290092C89C /* Lab4Tests */ = {
			isa = PBXNativeTarget;
			buildConfigurationList = ECFE32FD251CF3290092C89C /* Build configuration list for PBXNativeTarget "Lab4Tests" */;
			buildPhases = (
				ECFE32E2251CF3290092C89C /* Sources */,
				ECFE32E3251CF3290092C89C /* Frameworks */,
				ECFE32E4251CF3290092C89C /* Resources */,
			);
			buildRules = (
			);
			dependencies = (
				ECFE32E8251CF3290092C89C /* PBXTargetDependency */,
			);
			name = Lab4Tests;
			productName = Lab4Tests;
			productReference = ECFE32E6251CF3290092C89C /* Lab4Tests.xctest */;
			productType = "com.apple.product-type.bundle.unit-test";
		};
		ECFE32F0251CF3290092C89C /* Lab4UITests */ = {
			isa = PBXNativeTarget;
			buildConfigurationList = ECFE3300251CF3290092C89C /* Build configuration list for PBXNativeTarget "Lab4UITests" */;
			buildPhases = (
				ECFE32ED251CF3290092C89C /* Sources */,
				ECFE32EE251CF3290092C89C /* Frameworks */,
				ECFE32EF251CF3290092C89C /* Resources */,
			);
			buildRules = (
			);
			dependencies = (
				ECFE32F3251CF3290092C89C /* PBXTargetDependency */,
			);
			name = Lab4UITests;
			productName = Lab4UITests;
			productReference = ECFE32F1251CF3290092C89C /* Lab4UITests.xctest */;
			productType = "com.apple.product-type.bundle.ui-testing";
		};
/* End PBXNativeTarget section */

/* Begin PBXProject section */
		ECFE32C8251CF3250092C89C /* Project object */ = {
			isa = PBXProject;
			attributes = {
				LastSwiftUpdateCheck = 1200;
				LastUpgradeCheck = 1200;
				TargetAttributes = {
					ECFE32CF251CF3250092C89C = {
						CreatedOnToolsVersion = 12.0;
					};
					ECFE32E5251CF3290092C89C = {
						CreatedOnToolsVersion = 12.0;
						TestTargetID = ECFE32CF251CF3250092C89C;
					};
					ECFE32F0251CF3290092C89C = {
						CreatedOnToolsVersion = 12.0;
						TestTargetID = ECFE32CF251CF3250092C89C;
					};
				};
			};
			buildConfigurationList = ECFE32CB251CF3250092C89C /* Build configuration list for PBXProject "Lab4" */;
			compatibilityVersion = "Xcode 9.3";
			developmentRegion = en;
			hasScannedForEncodings = 0;
			knownRegions = (
				en,
				Base,
			);
			mainGroup = ECFE32C7251CF3250092C89C;
			productRefGroup = ECFE32D1251CF3250092C89C /* Products */;
			projectDirPath = "";
			projectRoot = "";
			targets = (
				ECFE32CF251CF3250092C89C /* Lab4 */,
				ECFE32E5251CF3290092C89C /* Lab4Tests */,
				ECFE32F0251CF3290092C89C /* Lab4UITests */,
			);
		};
/* End PBXProject section */

/* Begin PBXResourcesBuildPhase section */
		ECFE32CE251CF3250092C89C /* Resources */ = {
			isa = PBXResourcesBuildPhase;
			buildActionMask = 2147483647;
			files = (
				ECFE32E0251CF3280092C89C /* LaunchScreen.storyboard in Resources */,
				ECFE32DD251CF3280092C89C /* Assets.xcassets in Resources */,
				ECFE32DB251CF3250092C89C /* Main.storyboard in Resources */,
			);
			runOnlyForDeploymentPostprocessing = 0;
		};
		ECFE32E4251CF3290092C89C /* Resources */ = {
			isa = PBXResourcesBuildPhase;
			buildActionMask = 2147483647;
			files = (
			);
			runOnlyForDeploymentPostprocessing = 0;
		};
		ECFE32EF251CF3290092C89C /* Resources */ = {
			isa = PBXResourcesBuildPhase;
			buildActionMask = 2147483647;
			files = (
			);
			runOnlyForDeploymentPostprocessing = 0;
		};
/* End PBXResourcesBuildPhase section */

/* Begin PBXSourcesBuildPhase section */
		ECFE32CC251CF3250092C89C /* Sources */ = {
			isa = PBXSourcesBuildPhase;
			buildActionMask = 2147483647;
			files = (
				ECFE32D8251CF3250092C89C /* ViewController.swift in Sources */,
				ECFE32D4251CF3250092C89C /* AppDelegate.swift in Sources */,
				ECFE32D6251CF3250092C89C /* SceneDelegate.swift in Sources */,
			);
			runOnlyForDeploymentPostprocessing = 0;
		};
		ECFE32E2251CF3290092C89C /* Sources */ = {
			isa = PBXSourcesBuildPhase;
			buildActionMask = 2147483647;
			files = (
				ECFE32EB251CF3290092C89C /* Lab4Tests.swift in Sources */,
			);
			runOnlyForDeploymentPostprocessing = 0;
		};
		ECFE32ED251CF3290092C89C /* Sources */ = {
			isa = PBXSourcesBuildPhase;
			buildActionMask = 2147483647;
			files = (
				ECFE32F6251CF3290092C89C /* Lab4UITests.swift in Sources */,
			);
			runOnlyForDeploymentPostprocessing = 0;
		};
/* End PBXSourcesBuildPhase section */

/* Begin PBXTargetDependency section */
		ECFE32E8251CF3290092C89C /* PBXTargetDependency */ = {
			isa = PBXTargetDependency;
			target = ECFE32CF251CF3250092C89C /* Lab4 */;
			targetProxy = ECFE32E7251CF3290092C89C /* PBXContainerItemProxy */;
		};
		ECFE32F3251CF3290092C89C /* PBXTargetDependency */ = {
			isa = PBXTargetDependency;
			target = ECFE32CF251CF3250092C89C /* Lab4 */;
			targetProxy = ECFE32F2251CF3290092C89C /* PBXContainerItemProxy */;
		};
/* End PBXTargetDependency section */

/* Begin PBXVariantGroup section */
		ECFE32D9251CF3250092C89C /* Main.storyboard */ = {
			isa = PBXVariantGroup;
			children = (
				ECFE32DA251CF3250092C89C /* Base */,
			);
			name = Main.storyboard;
			sourceTree = "<group>";
		};
		ECFE32DE251CF3280092C89C /* LaunchScreen.storyboard */ = {
			isa = PBXVariantGroup;
			children = (
				ECFE32DF251CF3280092C89C /* Base */,
			);
			name = LaunchScreen.storyboard;
			sourceTree = "<group>";
		};
/* End PBXVariantGroup section */

/* Begin XCBuildConfiguration section */
		ECFE32F8251CF3290092C89C /* Debug */ = {
			isa = XCBuildConfiguration;
			buildSettings = {
				ALWAYS_SEARCH_USER_PATHS = NO;
				CLANG_ANALYZER_NONNULL = YES;
				CLANG_ANALYZER_NUMBER_OBJECT_CONVERSION = YES_AGGRESSIVE;
				CLANG_CXX_LANGUAGE_STANDARD = "gnu++14";
				CLANG_CXX_LIBRARY = "libc++";
				CLANG_ENABLE_MODULES = YES;
				CLANG_ENABLE_OBJC_ARC = YES;
				CLANG_ENABLE_OBJC_WEAK = YES;
				CLANG_WARN_BLOCK_CAPTURE_AUTORELEASING = YES;
				CLANG_WARN_BOOL_CONVERSION = YES;
				CLANG_WARN_COMMA = YES;
				CLANG_WARN_CONSTANT_CONVERSION = YES;
				CLANG_WARN_DEPRECATED_OBJC_IMPLEMENTATIONS = YES;
				CLANG_WARN_DIRECT_OBJC_ISA_USAGE = YES_ERROR;
				CLANG_WARN_DOCUMENTATION_COMMENTS = YES;
				CLANG_WARN_EMPTY_BODY = YES;
				CLANG_WARN_ENUM_CONVERSION = YES;
				CLANG_WARN_INFINITE_RECURSION = YES;
				CLANG_WARN_INT_CONVERSION = YES;
				CLANG_WARN_NON_LITERAL_NULL_CONVERSION = YES;
				CLANG_WARN_OBJC_IMPLICIT_RETAIN_SELF = YES;
				CLANG_WARN_OBJC_LITERAL_CONVERSION = YES;
				CLANG_WARN_OBJC_ROOT_CLASS = YES_ERROR;
				CLANG_WARN_QUOTED_INCLUDE_IN_FRAMEWORK_HEADER = YES;
				CLANG_WARN_RANGE_LOOP_ANALYSIS = YES;
				CLANG_WARN_STRICT_PROTOTYPES = YES;
				CLANG_WARN_SUSPICIOUS_MOVE = YES;
				CLANG_WARN_UNGUARDED_AVAILABILITY = YES_AGGRESSIVE;
				CLANG_WARN_UNREACHABLE_CODE = YES;
				CLANG_WARN__DUPLICATE_METHOD_MATCH = YES;
				COPY_PHASE_STRIP = NO;
				DEBUG_INFORMATION_FORMAT = dwarf;
				ENABLE_STRICT_OBJC_MSGSEND = YES;
				ENABLE_TESTABILITY = YES;
				GCC_C_LANGUAGE_STANDARD = gnu11;
				GCC_DYNAMIC_NO_PIC = NO;
				GCC_NO_COMMON_BLOCKS = YES;
				GCC_OPTIMIZATION_LEVEL = 0;
				GCC_PREPROCESSOR_DEFINITIONS = (
					"DEBUG=1",
					"$(inherited)",
				);
				GCC_WARN_64_TO_32_BIT_CONVERSION = YES;
				GCC_WARN_ABOUT_RETURN_TYPE = YES_ERROR;
				GCC_WARN_UNDECLARED_SELECTOR = YES;
				GCC_WARN_UNINITIALIZED_AUTOS = YES_AGGRESSIVE;
				GCC_WARN_UNUSED_FUNCTION = YES;
				GCC_WARN_UNUSED_VARIABLE = YES;
				IPHONEOS_DEPLOYMENT_TARGET = 14.0;
				MTL_ENABLE_DEBUG_INFO = INCLUDE_SOURCE;
				MTL_FAST_MATH = YES;
				ONLY_ACTIVE_ARCH = YES;
				SDKROOT = iphoneos;
				SWIFT_ACTIVE_COMPILATION_CONDITIONS = DEBUG;
				SWIFT_OPTIMIZATION_LEVEL = "-Onone";
			};
			name = Debug;
		};
		ECFE32F9251CF3290092C89C /* Release */ = {
			isa = XCBuildConfiguration;
			buildSettings = {
				ALWAYS_SEARCH_USER_PATHS = NO;
				CLANG_ANALYZER_NONNULL = YES;
				CLANG_ANALYZER_NUMBER_OBJECT_CONVERSION = YES_AGGRESSIVE;
				CLANG_CXX_LANGUAGE_STANDARD = "gnu++14";
				CLANG_CXX_LIBRARY = "libc++";
				CLANG_ENABLE_MODULES = YES;
				CLANG_ENABLE_OBJC_ARC = YES;
				CLANG_ENABLE_OBJC_WEAK = YES;
				CLANG_WARN_BLOCK_CAPTURE_AUTORELEASING = YES;
				CLANG_WARN_BOOL_CONVERSION = YES;
				CLANG_WARN_COMMA = YES;
				CLANG_WARN_CONSTANT_CONVERSION = YES;
				CLANG_WARN_DEPRECATED_OBJC_IMPLEMENTATIONS = YES;
				CLANG_WARN_DIRECT_OBJC_ISA_USAGE = YES_ERROR;
				CLANG_WARN_DOCUMENTATION_COMMENTS = YES;
				CLANG_WARN_EMPTY_BODY = YES;
				CLANG_WARN_ENUM_CONVERSION = YES;
				CLANG_WARN_INFINITE_RECURSION = YES;
				CLANG_WARN_INT_CONVERSION = YES;
				CLANG_WARN_NON_LITERAL_NULL_CONVERSION = YES;
				CLANG_WARN_OBJC_IMPLICIT_RETAIN_SELF = YES;
				CLANG_WARN_OBJC_LITERAL_CONVERSION = YES;
				CLANG_WARN_OBJC_ROOT_CLASS = YES_ERROR;
				CLANG_WARN_QUOTED_INCLUDE_IN_FRAMEWORK_HEADER = YES;
				CLANG_WARN_RANGE_LOOP_ANALYSIS = YES;
				CLANG_WARN_STRICT_PROTOTYPES = YES;
				CLANG_WARN_SUSPICIOUS_MOVE = YES;
				CLANG_WARN_UNGUARDED_AVAILABILITY = YES_AGGRESSIVE;
				CLANG_WARN_UNREACHABLE_CODE = YES;
				CLANG_WARN__DUPLICATE_METHOD_MATCH = YES;
				COPY_PHASE_STRIP = NO;
				DEBUG_INFORMATION_FORMAT = "dwarf-with-dsym";
				ENABLE_NS_ASSERTIONS = NO;
				ENABLE_STRICT_OBJC_MSGSEND = YES;
				GCC_C_LANGUAGE_STANDARD = gnu11;
				GCC_NO_COMMON_BLOCKS = YES;
				GCC_WARN_64_TO_32_BIT_CONVERSION = YES;
				GCC_WARN_ABOUT_RETURN_TYPE = YES_ERROR;
				GCC_WARN_UNDECLARED_SELECTOR = YES;
				GCC_WARN_UNINITIALIZED_AUTOS = YES_AGGRESSIVE;
				GCC_WARN_UNUSED_FUNCTION = YES;
				GCC_WARN_UNUSED_VARIABLE = YES;
				IPHONEOS_DEPLOYMENT_TARGET = 14.0;
				MTL_ENABLE_DEBUG_INFO = NO;
				MTL_FAST_MATH = YES;
				SDKROOT = iphoneos;
				SWIFT_COMPILATION_MODE = wholemodule;
				SWIFT_OPTIMIZATION_LEVEL = "-O";
				VALIDATE_PRODUCT = YES;
			};
			name = Release;
		};
		ECFE32FB251CF3290092C89C /* Debug */ = {
			isa = XCBuildConfiguration;
			buildSettings = {
				ASSETCATALOG_COMPILER_APPICON_NAME = AppIcon;
				ASSETCATALOG_COMPILER_GLOBAL_ACCENT_COLOR_NAME = AccentColor;
				CODE_SIGN_STYLE = Automatic;
				INFOPLIST_FILE = Lab4/Info.plist;
				IPHONEOS_DEPLOYMENT_TARGET = 13.7;
				LD_RUNPATH_SEARCH_PATHS = (
					"$(inherited)",
					"@executable_path/Frameworks",
				);
				PRODUCT_BUNDLE_IDENTIFIER = atlas.Lab4;
				PRODUCT_NAME = "$(TARGET_NAME)";
				SWIFT_VERSION = 5.0;
				TARGETED_DEVICE_FAMILY = "1,2";
			};
			name = Debug;
		};
		ECFE32FC251CF3290092C89C /* Release */ = {
			isa = XCBuildConfiguration;
			buildSettings = {
				ASSETCATALOG_COMPILER_APPICON_NAME = AppIcon;
				ASSETCATALOG_COMPILER_GLOBAL_ACCENT_COLOR_NAME = AccentColor;
				CODE_SIGN_STYLE = Automatic;
				INFOPLIST_FILE = Lab4/Info.plist;
				IPHONEOS_DEPLOYMENT_TARGET = 13.7;
				LD_RUNPATH_SEARCH_PATHS = (
					"$(inherited)",
					"@executable_path/Frameworks",
				);
				PRODUCT_BUNDLE_IDENTIFIER = atlas.Lab4;
				PRODUCT_NAME = "$(TARGET_NAME)";
				SWIFT_VERSION = 5.0;
				TARGETED_DEVICE_FAMILY = "1,2";
			};
			name = Release;
		};
		ECFE32FE251CF3290092C89C /* Debug */ = {
			isa = XCBuildConfiguration;
			buildSettings = {
				ALWAYS_EMBED_SWIFT_STANDARD_LIBRARIES = YES;
				BUNDLE_LOADER = "$(TEST_HOST)";
				CODE_SIGN_STYLE = Automatic;
				INFOPLIST_FILE = Lab4Tests/Info.plist;
				IPHONEOS_DEPLOYMENT_TARGET = 13.7;
				LD_RUNPATH_SEARCH_PATHS = (
					"$(inherited)",
					"@executable_path/Frameworks",
					"@loader_path/Frameworks",
				);
				PRODUCT_BUNDLE_IDENTIFIER = atlas.Lab4Tests;
				PRODUCT_NAME = "$(TARGET_NAME)";
				SWIFT_VERSION = 5.0;
				TARGETED_DEVICE_FAMILY = "1,2";
				TEST_HOST = "$(BUILT_PRODUCTS_DIR)/Lab4.app/Lab4";
			};
			name = Debug;
		};
		ECFE32FF251CF3290092C89C /* Release */ = {
			isa = XCBuildConfiguration;
			buildSettings = {
				ALWAYS_EMBED_SWIFT_STANDARD_LIBRARIES = YES;
				BUNDLE_LOADER = "$(TEST_HOST)";
				CODE_SIGN_STYLE = Automatic;
				INFOPLIST_FILE = Lab4Tests/Info.plist;
				IPHONEOS_DEPLOYMENT_TARGET = 13.7;
				LD_RUNPATH_SEARCH_PATHS = (
					"$(inherited)",
					"@executable_path/Frameworks",
					"@loader_path/Frameworks",
				);
				PRODUCT_BUNDLE_IDENTIFIER = atlas.Lab4Tests;
				PRODUCT_NAME = "$(TARGET_NAME)";
				SWIFT_VERSION = 5.0;
				TARGETED_DEVICE_FAMILY = "1,2";
				TEST_HOST = "$(BUILT_PRODUCTS_DIR)/Lab4.app/Lab4";
			};
			name = Release;
		};
		ECFE3301251CF3290092C89C /* Debug */ = {
			isa = XCBuildConfiguration;
			buildSettings = {
				ALWAYS_EMBED_SWIFT_STANDARD_LIBRARIES = YES;
				CODE_SIGN_STYLE = Automatic;
				INFOPLIST_FILE = Lab4UITests/Info.plist;
				IPHONEOS_DEPLOYMENT_TARGET = 13.7;
				LD_RUNPATH_SEARCH_PATHS = (
					"$(inherited)",
					"@executable_path/Frameworks",
					"@loader_path/Frameworks",
				);
				PRODUCT_BUNDLE_IDENTIFIER = atlas.Lab4UITests;
				PRODUCT_NAME = "$(TARGET_NAME)";
				SWIFT_VERSION = 5.0;
				TARGETED_DEVICE_FAMILY = "1,2";
				TEST_TARGET_NAME = Lab4;
			};
			name = Debug;
		};
		ECFE3302251CF3290092C89C /* Release */ = {
			isa = XCBuildConfiguration;
			buildSettings = {
				ALWAYS_EMBED_SWIFT_STANDARD_LIBRARIES = YES;
				CODE_SIGN_STYLE = Automatic;
				INFOPLIST_FILE = Lab4UITests/Info.plist;
				IPHONEOS_DEPLOYMENT_TARGET = 13.7;
				LD_RUNPATH_SEARCH_PATHS = (
					"$(inherited)",
					"@executable_path/Frameworks",
					"@loader_path/Frameworks",
				);
				PRODUCT_BUNDLE_IDENTIFIER = atlas.Lab4UITests;
				PRODUCT_NAME = "$(TARGET_NAME)";
				SWIFT_VERSION = 5.0;
				TARGETED_DEVICE_FAMILY = "1,2";
				TEST_TARGET_NAME = Lab4;
			};
			name = Release;
		};
/* End XCBuildConfiguration section */

/* Begin XCConfigurationList section */
		ECFE32CB251CF3250092C89C /* Build configuration list for PBXProject "Lab4" */ = {
			isa = XCConfigurationList;
			buildConfigurations = (
				ECFE32F8251CF3290092C89C /* Debug */,
				ECFE32F9251CF3290092C89C /* Release */,
			);
			defaultConfigurationIsVisible = 0;
			defaultConfigurationName = Release;
		};
		ECFE32FA251CF3290092C89C /* Build configuration list for PBXNativeTarget "Lab4" */ = {
			isa = XCConfigurationList;
			buildConfigurations = (
				ECFE32FB251CF3290092C89C /* Debug */,
				ECFE32FC251CF3290092C89C /* Release */,
			);
			defaultConfigurationIsVisible = 0;
			defaultConfigurationName = Release;
		};
		ECFE32FD251CF3290092C89C /* Build configuration list for PBXNativeTarget "Lab4Tests" */ = {
			isa = XCConfigurationList;
			buildConfigurations = (
				ECFE32FE251CF3290092C89C /* Debug */,
				ECFE32FF251CF3290092C89C /* Release */,
			);
			defaultConfigurationIsVisible = 0;
			defaultConfigurationName = Release;
		};
		ECFE3300251CF3290092C89C /* Build configuration list for PBXNativeTarget "Lab4UITests" */ = {
			isa = XCConfigurationList;
			buildConfigurations = (
				ECFE3301251CF3290092C89C /* Debug */,
				ECFE3302251CF3290092C89C /* Release */,
			);
			defaultConfigurationIsVisible = 0;
			defaultConfigurationName = Release;
		};
/* End XCConfigurationList section */
	};
	rootObject = ECFE32C8251CF3250092C89C /* Project object */;
}
