// !$*UTF8*$!
{
	archiveVersion = 1;
	classes = {
	};
	objectVersion = 50;
	objects = {

/* Begin PBXBuildFile section */
		EC916E2524FEA376003417D0 /* AppDelegate.swift in Sources */ = {isa = PBXBuildFile; fileRef = EC916E2424FEA376003417D0 /* AppDelegate.swift */; };
		EC916E2724FEA376003417D0 /* SceneDelegate.swift in Sources */ = {isa = PBXBuildFile; fileRef = EC916E2624FEA376003417D0 /* SceneDelegate.swift */; };
		EC916E2924FEA376003417D0 /* ViewController.swift in Sources */ = {isa = PBXBuildFile; fileRef = EC916E2824FEA376003417D0 /* ViewController.swift */; };
		EC916E2C24FEA376003417D0 /* Main.storyboard in Resources */ = {isa = PBXBuildFile; fileRef = EC916E2A24FEA376003417D0 /* Main.storyboard */; };
		EC916E2E24FEA378003417D0 /* Assets.xcassets in Resources */ = {isa = PBXBuildFile; fileRef = EC916E2D24FEA378003417D0 /* Assets.xcassets */; };
		EC916E3124FEA378003417D0 /* LaunchScreen.storyboard in Resources */ = {isa = PBXBuildFile; fileRef = EC916E2F24FEA378003417D0 /* LaunchScreen.storyboard */; };
/* End PBXBuildFile section */

/* Begin PBXFileReference section */
		EC916E2124FEA376003417D0 /* brain.app */ = {isa = PBXFileReference; explicitFileType = wrapper.application; includeInIndex = 0; path = brain.app; sourceTree = BUILT_PRODUCTS_DIR; };
		EC916E2424FEA376003417D0 /* AppDelegate.swift */ = {isa = PBXFileReference; lastKnownFileType = sourcecode.swift; path = AppDelegate.swift; sourceTree = "<group>"; };
		EC916E2624FEA376003417D0 /* SceneDelegate.swift */ = {isa = PBXFileReference; lastKnownFileType = sourcecode.swift; path = SceneDelegate.swift; sourceTree = "<group>"; };
		EC916E2824FEA376003417D0 /* ViewController.swift */ = {isa = PBXFileReference; lastKnownFileType = sourcecode.swift; path = ViewController.swift; sourceTree = "<group>"; };
		EC916E2B24FEA376003417D0 /* Base */ = {isa = PBXFileReference; lastKnownFileType = file.storyboard; name = Base; path = Base.lproj/Main.storyboard; sourceTree = "<group>"; };
		EC916E2D24FEA378003417D0 /* Assets.xcassets */ = {isa = PBXFileReference; lastKnownFileType = folder.assetcatalog; path = Assets.xcassets; sourceTree = "<group>"; };
		EC916E3024FEA378003417D0 /* Base */ = {isa = PBXFileReference; lastKnownFileType = file.storyboard; name = Base; path = Base.lproj/LaunchScreen.storyboard; sourceTree = "<group>"; };
		EC916E3224FEA378003417D0 /* Info.plist */ = {isa = PBXFileReference; lastKnownFileType = text.plist.xml; path = Info.plist; sourceTree = "<group>"; };
/* End PBXFileReference section */

/* Begin PBXFrameworksBuildPhase section */
		EC916E1E24FEA376003417D0 /* Frameworks */ = {
			isa = PBXFrameworksBuildPhase;
			buildActionMask = 2147483647;
			files = (
			);
			runOnlyForDeploymentPostprocessing = 0;
		};
/* End PBXFrameworksBuildPhase section */

/* Begin PBXGroup section */
		EC916E1824FEA376003417D0 = {
			isa = PBXGroup;
			children = (
				EC916E2324FEA376003417D0 /* daVinci */,
				EC916E2224FEA376003417D0 /* Products */,
			);
			sourceTree = "<group>";
		};
		EC916E2224FEA376003417D0 /* Products */ = {
			isa = PBXGroup;
			children = (
				EC916E2124FEA376003417D0 /* brain.app */,
			);
			name = Products;
			sourceTree = "<group>";
		};
		EC916E2324FEA376003417D0 /* daVinci */ = {
			isa = PBXGroup;
			children = (
				EC916E2424FEA376003417D0 /* AppDelegate.swift */,
				EC916E2624FEA376003417D0 /* SceneDelegate.swift */,
				EC916E2824FEA376003417D0 /* ViewController.swift */,
				EC916E2A24FEA376003417D0 /* Main.storyboard */,
				EC916E2D24FEA378003417D0 /* Assets.xcassets */,
				EC916E2F24FEA378003417D0 /* LaunchScreen.storyboard */,
				EC916E3224FEA378003417D0 /* Info.plist */,
			);
			path = daVinci;
			sourceTree = "<group>";
		};
/* End PBXGroup section */

/* Begin PBXNativeTarget section */
		EC916E2024FEA376003417D0 /* daVinci */ = {
			isa = PBXNativeTarget;
			buildConfigurationList = EC916E3524FEA378003417D0 /* Build configuration list for PBXNativeTarget "daVinci" */;
			buildPhases = (
				EC916E1D24FEA376003417D0 /* Sources */,
				EC916E1E24FEA376003417D0 /* Frameworks */,
				EC916E1F24FEA376003417D0 /* Resources */,
			);
			buildRules = (
			);
			dependencies = (
			);
			name = daVinci;
			productName = daVinci;
			productReference = EC916E2124FEA376003417D0 /* brain.app */;
			productType = "com.apple.product-type.application";
		};
/* End PBXNativeTarget section */

/* Begin PBXProject section */
		EC916E1924FEA376003417D0 /* Project object */ = {
			isa = PBXProject;
			attributes = {
				LastSwiftUpdateCheck = 1160;
				LastUpgradeCheck = 1160;
				ORGANIZATIONNAME = "Sophia AbiEzzi";
				TargetAttributes = {
					EC916E2024FEA376003417D0 = {
						CreatedOnToolsVersion = 11.6;
					};
				};
			};
			buildConfigurationList = EC916E1C24FEA376003417D0 /* Build configuration list for PBXProject "daVinci" */;
			compatibilityVersion = "Xcode 9.3";
			developmentRegion = en;
			hasScannedForEncodings = 0;
			knownRegions = (
				en,
				Base,
			);
			mainGroup = EC916E1824FEA376003417D0;
			productRefGroup = EC916E2224FEA376003417D0 /* Products */;
			projectDirPath = "";
			projectRoot = "";
			targets = (
				EC916E2024FEA376003417D0 /* daVinci */,
			);
		};
/* End PBXProject section */

/* Begin PBXResourcesBuildPhase section */
		EC916E1F24FEA376003417D0 /* Resources */ = {
			isa = PBXResourcesBuildPhase;
			buildActionMask = 2147483647;
			files = (
				EC916E3124FEA378003417D0 /* LaunchScreen.storyboard in Resources */,
				EC916E2E24FEA378003417D0 /* Assets.xcassets in Resources */,
				EC916E2C24FEA376003417D0 /* Main.storyboard in Resources */,
			);
			runOnlyForDeploymentPostprocessing = 0;
		};
/* End PBXResourcesBuildPhase section */

/* Begin PBXSourcesBuildPhase section */
		EC916E1D24FEA376003417D0 /* Sources */ = {
			isa = PBXSourcesBuildPhase;
			buildActionMask = 2147483647;
			files = (
				EC916E2924FEA376003417D0 /* ViewController.swift in Sources */,
				EC916E2524FEA376003417D0 /* AppDelegate.swift in Sources */,
				EC916E2724FEA376003417D0 /* SceneDelegate.swift in Sources */,
			);
			runOnlyForDeploymentPostprocessing = 0;
		};
/* End PBXSourcesBuildPhase section */

/* Begin PBXVariantGroup section */
		EC916E2A24FEA376003417D0 /* Main.storyboard */ = {
			isa = PBXVariantGroup;
			children = (
				EC916E2B24FEA376003417D0 /* Base */,
			);
			name = Main.storyboard;
			sourceTree = "<group>";
		};
		EC916E2F24FEA378003417D0 /* LaunchScreen.storyboard */ = {
			isa = PBXVariantGroup;
			children = (
				EC916E3024FEA378003417D0 /* Base */,
			);
			name = LaunchScreen.storyboard;
			sourceTree = "<group>";
		};
/* End PBXVariantGroup section */

/* Begin XCBuildConfiguration section */
		EC916E3324FEA378003417D0 /* Debug */ = {
			isa = XCBuildConfiguration;
			buildSettings = {
				ALWAYS_SEARCH_USER_PATHS = NO;
				CLANG_ANALYZER_NONNULL = YES;
				CLANG_ANALYZER_NUMBER_OBJECT_CONVERSION = YES_AGGRESSIVE;
				CLANG_CXX_LANGUAGE_STANDARD = "gnu++14";
				CLANG_CXX_LIBRARY = "libc++";
				CLANG_ENABLE_MODULES = YES;
				CLANG_ENABLE_OBJC_ARC = YES;
				CLANG_ENABLE_OBJC_WEAK = YES;
				CLANG_WARN_BLOCK_CAPTURE_AUTORELEASING = YES;
				CLANG_WARN_BOOL_CONVERSION = YES;
				CLANG_WARN_COMMA = YES;
				CLANG_WARN_CONSTANT_CONVERSION = YES;
				CLANG_WARN_DEPRECATED_OBJC_IMPLEMENTATIONS = YES;
				CLANG_WARN_DIRECT_OBJC_ISA_USAGE = YES_ERROR;
				CLANG_WARN_DOCUMENTATION_COMMENTS = YES;
				CLANG_WARN_EMPTY_BODY = YES;
				CLANG_WARN_ENUM_CONVERSION = YES;
				CLANG_WARN_INFINITE_RECURSION = YES;
				CLANG_WARN_INT_CONVERSION = YES;
				CLANG_WARN_NON_LITERAL_NULL_CONVERSION = YES;
				CLANG_WARN_OBJC_IMPLICIT_RETAIN_SELF = YES;
				CLANG_WARN_OBJC_LITERAL_CONVERSION = YES;
				CLANG_WARN_OBJC_ROOT_CLASS = YES_ERROR;
				CLANG_WARN_RANGE_LOOP_ANALYSIS = YES;
				CLANG_WARN_STRICT_PROTOTYPES = YES;
				CLANG_WARN_SUSPICIOUS_MOVE = YES;
				CLANG_WARN_UNGUARDED_AVAILABILITY = YES_AGGRESSIVE;
				CLANG_WARN_UNREACHABLE_CODE = YES;
				CLANG_WARN__DUPLICATE_METHOD_MATCH = YES;
				COPY_PHASE_STRIP = NO;
				DEBUG_INFORMATION_FORMAT = dwarf;
				ENABLE_STRICT_OBJC_MSGSEND = YES;
				ENABLE_TESTABILITY = YES;
				GCC_C_LANGUAGE_STANDARD = gnu11;
				GCC_DYNAMIC_NO_PIC = NO;
				GCC_NO_COMMON_BLOCKS = YES;
				GCC_OPTIMIZATION_LEVEL = 0;
				GCC_PREPROCESSOR_DEFINITIONS = (
					"DEBUG=1",
					"$(inherited)",
				);
				GCC_WARN_64_TO_32_BIT_CONVERSION = YES;
				GCC_WARN_ABOUT_RETURN_TYPE = YES_ERROR;
				GCC_WARN_UNDECLARED_SELECTOR = YES;
				GCC_WARN_UNINITIALIZED_AUTOS = YES_AGGRESSIVE;
				GCC_WARN_UNUSED_FUNCTION = YES;
				GCC_WARN_UNUSED_VARIABLE = YES;
				IPHONEOS_DEPLOYMENT_TARGET = 13.6;
				MTL_ENABLE_DEBUG_INFO = INCLUDE_SOURCE;
				MTL_FAST_MATH = YES;
				ONLY_ACTIVE_ARCH = YES;
				SDKROOT = iphoneos;
				SWIFT_ACTIVE_COMPILATION_CONDITIONS = DEBUG;
				SWIFT_OPTIMIZATION_LEVEL = "-Onone";
			};
			name = Debug;
		};
		EC916E3424FEA378003417D0 /* Release */ = {
			isa = XCBuildConfiguration;
			buildSettings = {
				ALWAYS_SEARCH_USER_PATHS = NO;
				CLANG_ANALYZER_NONNULL = YES;
				CLANG_ANALYZER_NUMBER_OBJECT_CONVERSION = YES_AGGRESSIVE;
				CLANG_CXX_LANGUAGE_STANDARD = "gnu++14";
				CLANG_CXX_LIBRARY = "libc++";
				CLANG_ENABLE_MODULES = YES;
				CLANG_ENABLE_OBJC_ARC = YES;
				CLANG_ENABLE_OBJC_WEAK = YES;
				CLANG_WARN_BLOCK_CAPTURE_AUTORELEASING = YES;
				CLANG_WARN_BOOL_CONVERSION = YES;
				CLANG_WARN_COMMA = YES;
				CLANG_WARN_CONSTANT_CONVERSION = YES;
				CLANG_WARN_DEPRECATED_OBJC_IMPLEMENTATIONS = YES;
				CLANG_WARN_DIRECT_OBJC_ISA_USAGE = YES_ERROR;
				CLANG_WARN_DOCUMENTATION_COMMENTS = YES;
				CLANG_WARN_EMPTY_BODY = YES;
				CLANG_WARN_ENUM_CONVERSION = YES;
				CLANG_WARN_INFINITE_RECURSION = YES;
				CLANG_WARN_INT_CONVERSION = YES;
				CLANG_WARN_NON_LITERAL_NULL_CONVERSION = YES;
				CLANG_WARN_OBJC_IMPLICIT_RETAIN_SELF = YES;
				CLANG_WARN_OBJC_LITERAL_CONVERSION = YES;
				CLANG_WARN_OBJC_ROOT_CLASS = YES_ERROR;
				CLANG_WARN_RANGE_LOOP_ANALYSIS = YES;
				CLANG_WARN_STRICT_PROTOTYPES = YES;
				CLANG_WARN_SUSPICIOUS_MOVE = YES;
				CLANG_WARN_UNGUARDED_AVAILABILITY = YES_AGGRESSIVE;
				CLANG_WARN_UNREACHABLE_CODE = YES;
				CLANG_WARN__DUPLICATE_METHOD_MATCH = YES;
				COPY_PHASE_STRIP = NO;
				DEBUG_INFORMATION_FORMAT = "dwarf-with-dsym";
				ENABLE_NS_ASSERTIONS = NO;
				ENABLE_STRICT_OBJC_MSGSEND = YES;
				GCC_C_LANGUAGE_STANDARD = gnu11;
				GCC_NO_COMMON_BLOCKS = YES;
				GCC_WARN_64_TO_32_BIT_CONVERSION = YES;
				GCC_WARN_ABOUT_RETURN_TYPE = YES_ERROR;
				GCC_WARN_UNDECLARED_SELECTOR = YES;
				GCC_WARN_UNINITIALIZED_AUTOS = YES_AGGRESSIVE;
				GCC_WARN_UNUSED_FUNCTION = YES;
				GCC_WARN_UNUSED_VARIABLE = YES;
				IPHONEOS_DEPLOYMENT_TARGET = 13.6;
				MTL_ENABLE_DEBUG_INFO = NO;
				MTL_FAST_MATH = YES;
				SDKROOT = iphoneos;
				SWIFT_COMPILATION_MODE = wholemodule;
				SWIFT_OPTIMIZATION_LEVEL = "-O";
				VALIDATE_PRODUCT = YES;
			};
			name = Release;
		};
		EC916E3624FEA378003417D0 /* Debug */ = {
			isa = XCBuildConfiguration;
			buildSettings = {
				ASSETCATALOG_COMPILER_APPICON_NAME = AppIcon;
				CODE_SIGN_STYLE = Automatic;
				INFOPLIST_FILE = daVinci/Info.plist;
				LD_RUNPATH_SEARCH_PATHS = (
					"$(inherited)",
					"@executable_path/Frameworks",
				);
				PRODUCT_BUNDLE_IDENTIFIER = atlas.daVinci;
				PRODUCT_NAME = brain;
				SWIFT_VERSION = 5.0;
				TARGETED_DEVICE_FAMILY = "1,2";
			};
			name = Debug;
		};
		EC916E3724FEA378003417D0 /* Release */ = {
			isa = XCBuildConfiguration;
			buildSettings = {
				ASSETCATALOG_COMPILER_APPICON_NAME = AppIcon;
				CODE_SIGN_STYLE = Automatic;
				INFOPLIST_FILE = daVinci/Info.plist;
				LD_RUNPATH_SEARCH_PATHS = (
					"$(inherited)",
					"@executable_path/Frameworks",
				);
				PRODUCT_BUNDLE_IDENTIFIER = atlas.daVinci;
				PRODUCT_NAME = brain;
				SWIFT_VERSION = 5.0;
				TARGETED_DEVICE_FAMILY = "1,2";
			};
			name = Release;
		};
/* End XCBuildConfiguration section */

/* Begin XCConfigurationList section */
		EC916E1C24FEA376003417D0 /* Build configuration list for PBXProject "daVinci" */ = {
			isa = XCConfigurationList;
			buildConfigurations = (
				EC916E3324FEA378003417D0 /* Debug */,
				EC916E3424FEA378003417D0 /* Release */,
			);
			defaultConfigurationIsVisible = 0;
			defaultConfigurationName = Release;
		};
		EC916E3524FEA378003417D0 /* Build configuration list for PBXNativeTarget "daVinci" */ = {
			isa = XCConfigurationList;
			buildConfigurations = (
				EC916E3624FEA378003417D0 /* Debug */,
				EC916E3724FEA378003417D0 /* Release */,
			);
			defaultConfigurationIsVisible = 0;
			defaultConfigurationName = Release;
		};
/* End XCConfigurationList section */
	};
	rootObject = EC916E1924FEA376003417D0 /* Project object */;
}
